
Microsoft Visual Studio Solution File, Format Version 12.00
# Visual Studio 2013
VisualStudioVersion = 12.0.31101.0
MinimumVisualStudioVersion = 10.0.40219.1
Project("{FAE04EC0-301F-11D3-BF4B-00C04F79EFBC}") = "LanguageFeatures", "LanguageFeatures\LanguageFeatures.csproj", "{999938B0-B5D8-4244-A91D-96F3E7084CA3}"
EndProject
Project("{FAE04EC0-301F-11D3-BF4B-00C04F79EFBC}") = "PartyInvites", "PartyInvites\PartyInvites.csproj", "{B038CD3E-C033-44C5-A8BB-361299377B49}"
EndProject
Project("{2150E333-8FDC-42A3-9474-1A3956D46DE8}") = "Info", "Info", "{8906AF18-9756-4A6D-8743-17AB48C2EFEA}"
	ProjectSection(SolutionItems) = preProject
		page.txt = page.txt
	EndProjectSection
EndProject
Project("{FAE04EC0-301F-11D3-BF4B-00C04F79EFBC}") = "RazorTest", "RazorTest\RazorTest.csproj", "{118F01CB-941D-4491-8BDC-92137C14C70F}"
EndProject
Global
	GlobalSection(SolutionConfigurationPlatforms) = preSolution
		Debug|Any CPU = Debug|Any CPU
		Release|Any CPU = Release|Any CPU
	EndGlobalSection
	GlobalSection(ProjectConfigurationPlatforms) = postSolution
		{999938B0-B5D8-4244-A91D-96F3E7084CA3}.Debug|Any CPU.ActiveCfg = Debug|Any CPU
		{999938B0-B5D8-4244-A91D-96F3E7084CA3}.Debug|Any CPU.Build.0 = Debug|Any CPU
		{999938B0-B5D8-4244-A91D-96F3E7084CA3}.Release|Any CPU.ActiveCfg = Release|Any CPU
		{999938B0-B5D8-4244-A91D-96F3E7084CA3}.Release|Any CPU.Build.0 = Release|Any CPU
		{B038CD3E-C033-44C5-A8BB-361299377B49}.Debug|Any CPU.ActiveCfg = Debug|Any CPU
		{B038CD3E-C033-44C5-A8BB-361299377B49}.Debug|Any CPU.Build.0 = Debug|Any CPU
		{B038CD3E-C033-44C5-A8BB-361299377B49}.Release|Any CPU.ActiveCfg = Release|Any CPU
		{B038CD3E-C033-44C5-A8BB-361299377B49}.Release|Any CPU.Build.0 = Release|Any CPU
		{118F01CB-941D-4491-8BDC-92137C14C70F}.Debug|Any CPU.ActiveCfg = Debug|Any CPU
		{118F01CB-941D-4491-8BDC-92137C14C70F}.Debug|Any CPU.Build.0 = Debug|Any CPU
		{118F01CB-941D-4491-8BDC-92137C14C70F}.Release|Any CPU.ActiveCfg = Release|Any CPU
		{118F01CB-941D-4491-8BDC-92137C14C70F}.Release|Any CPU.Build.0 = Release|Any CPU
	EndGlobalSection
	GlobalSection(SolutionProperties) = preSolution
		HideSolutionNode = FALSE
	EndGlobalSection
EndGlobal
